
Microsoft Visual Studio Solution File, Format Version 12.00
# Visual Studio Version 17
VisualStudioVersion = 17.8.34511.84
MinimumVisualStudioVersion = 10.0.40219.1
Project("{FAE04EC0-301F-11D3-BF4B-00C04F79EFBC}") = "PeopleRegistration.API", "PeopleRegistration.API\PeopleRegistration.API.csproj", "{CF44FBA9-E5E8-43D7-9F0F-60A1D5D24DED}"
EndProject
Global
	GlobalSection(SolutionConfigurationPlatforms) = preSolution
		Debug|Any CPU = Debug|Any CPU
		Release|Any CPU = Release|Any CPU
	EndGlobalSection
	GlobalSection(ProjectConfigurationPlatforms) = postSolution
		{CF44FBA9-E5E8-43D7-9F0F-60A1D5D24DED}.Debug|Any CPU.ActiveCfg = Debug|Any CPU
		{CF44FBA9-E5E8-43D7-9F0F-60A1D5D24DED}.Debug|Any CPU.Build.0 = Debug|Any CPU
		{CF44FBA9-E5E8-43D7-9F0F-60A1D5D24DED}.Release|Any CPU.ActiveCfg = Release|Any CPU
		{CF44FBA9-E5E8-43D7-9F0F-60A1D5D24DED}.Release|Any CPU.Build.0 = Release|Any CPU
	EndGlobalSection
	GlobalSection(SolutionProperties) = preSolution
		HideSolutionNode = FALSE
	EndGlobalSection
	GlobalSection(ExtensibilityGlobals) = postSolution
		SolutionGuid = {15915000-0D86-4BB0-9B7B-900A6E80D33D}
	EndGlobalSection
EndGlobal
